// !$*UTF8*$!
{
	archiveVersion = 1;
	classes = {
	};
	objectVersion = 55;
	objects = {

/* Begin PBXBuildFile section */
		354BC64E2837B717000E02F6 /* UIImage+Extensions.swift in Sources */ = {isa = PBXBuildFile; fileRef = 354BC64D2837B717000E02F6 /* UIImage+Extensions.swift */; };
		354BC6502837C718000E02F6 /* Model.swift in Sources */ = {isa = PBXBuildFile; fileRef = 354BC64F2837C718000E02F6 /* Model.swift */; };
		355E7F9628374E7F006F18A7 /* ViewController+Action.swift in Sources */ = {isa = PBXBuildFile; fileRef = 355E7F9528374E7F006F18A7 /* ViewController+Action.swift */; };
		356DAD94283262D8008A70FA /* AppDelegate.swift in Sources */ = {isa = PBXBuildFile; fileRef = 356DAD93283262D8008A70FA /* AppDelegate.swift */; };
		356DAD96283262D8008A70FA /* SceneDelegate.swift in Sources */ = {isa = PBXBuildFile; fileRef = 356DAD95283262D8008A70FA /* SceneDelegate.swift */; };
		356DAD98283262D8008A70FA /* ViewController.swift in Sources */ = {isa = PBXBuildFile; fileRef = 356DAD97283262D8008A70FA /* ViewController.swift */; };
		356DAD9B283262D8008A70FA /* Main.storyboard in Resources */ = {isa = PBXBuildFile; fileRef = 356DAD99283262D8008A70FA /* Main.storyboard */; };
		356DAD9D283262D9008A70FA /* Assets.xcassets in Resources */ = {isa = PBXBuildFile; fileRef = 356DAD9C283262D9008A70FA /* Assets.xcassets */; };
		356DADA0283262D9008A70FA /* LaunchScreen.storyboard in Resources */ = {isa = PBXBuildFile; fileRef = 356DAD9E283262D9008A70FA /* LaunchScreen.storyboard */; };
/* End PBXBuildFile section */

/* Begin PBXFileReference section */
		354BC64D2837B717000E02F6 /* UIImage+Extensions.swift */ = {isa = PBXFileReference; lastKnownFileType = sourcecode.swift; path = "UIImage+Extensions.swift"; sourceTree = "<group>"; };
		354BC64F2837C718000E02F6 /* Model.swift */ = {isa = PBXFileReference; lastKnownFileType = sourcecode.swift; path = Model.swift; sourceTree = "<group>"; };
		355E7F9528374E7F006F18A7 /* ViewController+Action.swift */ = {isa = PBXFileReference; lastKnownFileType = sourcecode.swift; path = "ViewController+Action.swift"; sourceTree = "<group>"; };
		356DAD90283262D8008A70FA /* FindApple.app */ = {isa = PBXFileReference; explicitFileType = wrapper.application; includeInIndex = 0; path = FindApple.app; sourceTree = BUILT_PRODUCTS_DIR; };
		356DAD93283262D8008A70FA /* AppDelegate.swift */ = {isa = PBXFileReference; lastKnownFileType = sourcecode.swift; path = AppDelegate.swift; sourceTree = "<group>"; };
		356DAD95283262D8008A70FA /* SceneDelegate.swift */ = {isa = PBXFileReference; lastKnownFileType = sourcecode.swift; path = SceneDelegate.swift; sourceTree = "<group>"; };
		356DAD97283262D8008A70FA /* ViewController.swift */ = {isa = PBXFileReference; lastKnownFileType = sourcecode.swift; path = ViewController.swift; sourceTree = "<group>"; };
		356DAD9A283262D8008A70FA /* Base */ = {isa = PBXFileReference; lastKnownFileType = file.storyboard; name = Base; path = Base.lproj/Main.storyboard; sourceTree = "<group>"; };
		356DAD9C283262D9008A70FA /* Assets.xcassets */ = {isa = PBXFileReference; lastKnownFileType = folder.assetcatalog; path = Assets.xcassets; sourceTree = "<group>"; };
		356DAD9F283262D9008A70FA /* Base */ = {isa = PBXFileReference; lastKnownFileType = file.storyboard; name = Base; path = Base.lproj/LaunchScreen.storyboard; sourceTree = "<group>"; };
		356DADA1283262D9008A70FA /* Info.plist */ = {isa = PBXFileReference; lastKnownFileType = text.plist.xml; path = Info.plist; sourceTree = "<group>"; };
/* End PBXFileReference section */

/* Begin PBXFrameworksBuildPhase section */
		356DAD8D283262D8008A70FA /* Frameworks */ = {
			isa = PBXFrameworksBuildPhase;
			buildActionMask = 2147483647;
			files = (
			);
			runOnlyForDeploymentPostprocessing = 0;
		};
/* End PBXFrameworksBuildPhase section */

/* Begin PBXGroup section */
		355E7F9428374E5E006F18A7 /* CollectionViewController */ = {
			isa = PBXGroup;
			children = (
				356DAD97283262D8008A70FA /* ViewController.swift */,
				355E7F9528374E7F006F18A7 /* ViewController+Action.swift */,
				354BC64F2837C718000E02F6 /* Model.swift */,
			);
			path = CollectionViewController;
			sourceTree = "<group>";
		};
		356DAD87283262D8008A70FA = {
			isa = PBXGroup;
			children = (
				356DAD92283262D8008A70FA /* FindApple */,
				356DAD91283262D8008A70FA /* Products */,
			);
			sourceTree = "<group>";
		};
		356DAD91283262D8008A70FA /* Products */ = {
			isa = PBXGroup;
			children = (
				356DAD90283262D8008A70FA /* FindApple.app */,
			);
			name = Products;
			sourceTree = "<group>";
		};
		356DAD92283262D8008A70FA /* FindApple */ = {
			isa = PBXGroup;
			children = (
				356DAD93283262D8008A70FA /* AppDelegate.swift */,
				356DAD95283262D8008A70FA /* SceneDelegate.swift */,
				354BC64D2837B717000E02F6 /* UIImage+Extensions.swift */,
				355E7F9428374E5E006F18A7 /* CollectionViewController */,
				356DAD99283262D8008A70FA /* Main.storyboard */,
				356DAD9C283262D9008A70FA /* Assets.xcassets */,
				356DAD9E283262D9008A70FA /* LaunchScreen.storyboard */,
				356DADA1283262D9008A70FA /* Info.plist */,
			);
			path = FindApple;
			sourceTree = "<group>";
		};
/* End PBXGroup section */

/* Begin PBXNativeTarget section */
		356DAD8F283262D8008A70FA /* FindApple */ = {
			isa = PBXNativeTarget;
			buildConfigurationList = 356DADA4283262D9008A70FA /* Build configuration list for PBXNativeTarget "FindApple" */;
			buildPhases = (
				356DAD8C283262D8008A70FA /* Sources */,
				356DAD8D283262D8008A70FA /* Frameworks */,
				356DAD8E283262D8008A70FA /* Resources */,
			);
			buildRules = (
			);
			dependencies = (
			);
			name = FindApple;
			productName = FindApple;
			productReference = 356DAD90283262D8008A70FA /* FindApple.app */;
			productType = "com.apple.product-type.application";
		};
/* End PBXNativeTarget section */

/* Begin PBXProject section */
		356DAD88283262D8008A70FA /* Project object */ = {
			isa = PBXProject;
			attributes = {
				BuildIndependentTargetsInParallel = 1;
				LastSwiftUpdateCheck = 1330;
				LastUpgradeCheck = 1330;
				TargetAttributes = {
					356DAD8F283262D8008A70FA = {
						CreatedOnToolsVersion = 13.3.1;
					};
				};
			};
			buildConfigurationList = 356DAD8B283262D8008A70FA /* Build configuration list for PBXProject "FindApple" */;
			compatibilityVersion = "Xcode 13.0";
			developmentRegion = en;
			hasScannedForEncodings = 0;
			knownRegions = (
				en,
				Base,
			);
			mainGroup = 356DAD87283262D8008A70FA;
			productRefGroup = 356DAD91283262D8008A70FA /* Products */;
			projectDirPath = "";
			projectRoot = "";
			targets = (
				356DAD8F283262D8008A70FA /* FindApple */,
			);
		};
/* End PBXProject section */

/* Begin PBXResourcesBuildPhase section */
		356DAD8E283262D8008A70FA /* Resources */ = {
			isa = PBXResourcesBuildPhase;
			buildActionMask = 2147483647;
			files = (
				356DADA0283262D9008A70FA /* LaunchScreen.storyboard in Resources */,
				356DAD9D283262D9008A70FA /* Assets.xcassets in Resources */,
				356DAD9B283262D8008A70FA /* Main.storyboard in Resources */,
			);
			runOnlyForDeploymentPostprocessing = 0;
		};
/* End PBXResourcesBuildPhase section */

/* Begin PBXSourcesBuildPhase section */
		356DAD8C283262D8008A70FA /* Sources */ = {
			isa = PBXSourcesBuildPhase;
			buildActionMask = 2147483647;
			files = (
				356DAD98283262D8008A70FA /* ViewController.swift in Sources */,
				356DAD94283262D8008A70FA /* AppDelegate.swift in Sources */,
				354BC64E2837B717000E02F6 /* UIImage+Extensions.swift in Sources */,
				354BC6502837C718000E02F6 /* Model.swift in Sources */,
				355E7F9628374E7F006F18A7 /* ViewController+Action.swift in Sources */,
				356DAD96283262D8008A70FA /* SceneDelegate.swift in Sources */,
			);
			runOnlyForDeploymentPostprocessing = 0;
		};
/* End PBXSourcesBuildPhase section */

/* Begin PBXVariantGroup section */
		356DAD99283262D8008A70FA /* Main.storyboard */ = {
			isa = PBXVariantGroup;
			children = (
				356DAD9A283262D8008A70FA /* Base */,
			);
			name = Main.storyboard;
			sourceTree = "<group>";
		};
		356DAD9E283262D9008A70FA /* LaunchScreen.storyboard */ = {
			isa = PBXVariantGroup;
			children = (
				356DAD9F283262D9008A70FA /* Base */,
			);
			name = LaunchScreen.storyboard;
			sourceTree = "<group>";
		};
/* End PBXVariantGroup section */

/* Begin XCBuildConfiguration section */
		356DADA2283262D9008A70FA /* Debug */ = {
			isa = XCBuildConfiguration;
			buildSettings = {
				ALWAYS_SEARCH_USER_PATHS = NO;
				CLANG_ANALYZER_NONNULL = YES;
				CLANG_ANALYZER_NUMBER_OBJECT_CONVERSION = YES_AGGRESSIVE;
				CLANG_CXX_LANGUAGE_STANDARD = "gnu++17";
				CLANG_ENABLE_MODULES = YES;
				CLANG_ENABLE_OBJC_ARC = YES;
				CLANG_ENABLE_OBJC_WEAK = YES;
				CLANG_WARN_BLOCK_CAPTURE_AUTORELEASING = YES;
				CLANG_WARN_BOOL_CONVERSION = YES;
				CLANG_WARN_COMMA = YES;
				CLANG_WARN_CONSTANT_CONVERSION = YES;
				CLANG_WARN_DEPRECATED_OBJC_IMPLEMENTATIONS = YES;
				CLANG_WARN_DIRECT_OBJC_ISA_USAGE = YES_ERROR;
				CLANG_WARN_DOCUMENTATION_COMMENTS = YES;
				CLANG_WARN_EMPTY_BODY = YES;
				CLANG_WARN_ENUM_CONVERSION = YES;
				CLANG_WARN_INFINITE_RECURSION = YES;
				CLANG_WARN_INT_CONVERSION = YES;
				CLANG_WARN_NON_LITERAL_NULL_CONVERSION = YES;
				CLANG_WARN_OBJC_IMPLICIT_RETAIN_SELF = YES;
				CLANG_WARN_OBJC_LITERAL_CONVERSION = YES;
				CLANG_WARN_OBJC_ROOT_CLASS = YES_ERROR;
				CLANG_WARN_QUOTED_INCLUDE_IN_FRAMEWORK_HEADER = YES;
				CLANG_WARN_RANGE_LOOP_ANALYSIS = YES;
				CLANG_WARN_STRICT_PROTOTYPES = YES;
				CLANG_WARN_SUSPICIOUS_MOVE = YES;
				CLANG_WARN_UNGUARDED_AVAILABILITY = YES_AGGRESSIVE;
				CLANG_WARN_UNREACHABLE_CODE = YES;
				CLANG_WARN__DUPLICATE_METHOD_MATCH = YES;
				COPY_PHASE_STRIP = NO;
				DEBUG_INFORMATION_FORMAT = dwarf;
				ENABLE_STRICT_OBJC_MSGSEND = YES;
				ENABLE_TESTABILITY = YES;
				GCC_C_LANGUAGE_STANDARD = gnu11;
				GCC_DYNAMIC_NO_PIC = NO;
				GCC_NO_COMMON_BLOCKS = YES;
				GCC_OPTIMIZATION_LEVEL = 0;
				GCC_PREPROCESSOR_DEFINITIONS = (
					"DEBUG=1",
					"$(inherited)",
				);
				GCC_WARN_64_TO_32_BIT_CONVERSION = YES;
				GCC_WARN_ABOUT_RETURN_TYPE = YES_ERROR;
				GCC_WARN_UNDECLARED_SELECTOR = YES;
				GCC_WARN_UNINITIALIZED_AUTOS = YES_AGGRESSIVE;
				GCC_WARN_UNUSED_FUNCTION = YES;
				GCC_WARN_UNUSED_VARIABLE = YES;
				IPHONEOS_DEPLOYMENT_TARGET = 15.4;
				MTL_ENABLE_DEBUG_INFO = INCLUDE_SOURCE;
				MTL_FAST_MATH = YES;
				ONLY_ACTIVE_ARCH = YES;
				SDKROOT = iphoneos;
				SWIFT_ACTIVE_COMPILATION_CONDITIONS = DEBUG;
				SWIFT_OPTIMIZATION_LEVEL = "-Onone";
			};
			name = Debug;
		};
		356DADA3283262D9008A70FA /* Release */ = {
			isa = XCBuildConfiguration;
			buildSettings = {
				ALWAYS_SEARCH_USER_PATHS = NO;
				CLANG_ANALYZER_NONNULL = YES;
				CLANG_ANALYZER_NUMBER_OBJECT_CONVERSION = YES_AGGRESSIVE;
				CLANG_CXX_LANGUAGE_STANDARD = "gnu++17";
				CLANG_ENABLE_MODULES = YES;
				CLANG_ENABLE_OBJC_ARC = YES;
				CLANG_ENABLE_OBJC_WEAK = YES;
				CLANG_WARN_BLOCK_CAPTURE_AUTORELEASING = YES;
				CLANG_WARN_BOOL_CONVERSION = YES;
				CLANG_WARN_COMMA = YES;
				CLANG_WARN_CONSTANT_CONVERSION = YES;
				CLANG_WARN_DEPRECATED_OBJC_IMPLEMENTATIONS = YES;
				CLANG_WARN_DIRECT_OBJC_ISA_USAGE = YES_ERROR;
				CLANG_WARN_DOCUMENTATION_COMMENTS = YES;
				CLANG_WARN_EMPTY_BODY = YES;
				CLANG_WARN_ENUM_CONVERSION = YES;
				CLANG_WARN_INFINITE_RECURSION = YES;
				CLANG_WARN_INT_CONVERSION = YES;
				CLANG_WARN_NON_LITERAL_NULL_CONVERSION = YES;
				CLANG_WARN_OBJC_IMPLICIT_RETAIN_SELF = YES;
				CLANG_WARN_OBJC_LITERAL_CONVERSION = YES;
				CLANG_WARN_OBJC_ROOT_CLASS = YES_ERROR;
				CLANG_WARN_QUOTED_INCLUDE_IN_FRAMEWORK_HEADER = YES;
				CLANG_WARN_RANGE_LOOP_ANALYSIS = YES;
				CLANG_WARN_STRICT_PROTOTYPES = YES;
				CLANG_WARN_SUSPICIOUS_MOVE = YES;
				CLANG_WARN_UNGUARDED_AVAILABILITY = YES_AGGRESSIVE;
				CLANG_WARN_UNREACHABLE_CODE = YES;
				CLANG_WARN__DUPLICATE_METHOD_MATCH = YES;
				COPY_PHASE_STRIP = NO;
				DEBUG_INFORMATION_FORMAT = "dwarf-with-dsym";
				ENABLE_NS_ASSERTIONS = NO;
				ENABLE_STRICT_OBJC_MSGSEND = YES;
				GCC_C_LANGUAGE_STANDARD = gnu11;
				GCC_NO_COMMON_BLOCKS = YES;
				GCC_WARN_64_TO_32_BIT_CONVERSION = YES;
				GCC_WARN_ABOUT_RETURN_TYPE = YES_ERROR;
				GCC_WARN_UNDECLARED_SELECTOR = YES;
				GCC_WARN_UNINITIALIZED_AUTOS = YES_AGGRESSIVE;
				GCC_WARN_UNUSED_FUNCTION = YES;
				GCC_WARN_UNUSED_VARIABLE = YES;
				IPHONEOS_DEPLOYMENT_TARGET = 15.4;
				MTL_ENABLE_DEBUG_INFO = NO;
				MTL_FAST_MATH = YES;
				SDKROOT = iphoneos;
				SWIFT_COMPILATION_MODE = wholemodule;
				SWIFT_OPTIMIZATION_LEVEL = "-O";
				VALIDATE_PRODUCT = YES;
			};
			name = Release;
		};
		356DADA5283262D9008A70FA /* Debug */ = {
			isa = XCBuildConfiguration;
			buildSettings = {
				ASSETCATALOG_COMPILER_APPICON_NAME = AppIcon;
				ASSETCATALOG_COMPILER_GLOBAL_ACCENT_COLOR_NAME = AccentColor;
				CODE_SIGN_STYLE = Automatic;
				CURRENT_PROJECT_VERSION = 1;
				DEVELOPMENT_TEAM = 663QYTT48P;
				GENERATE_INFOPLIST_FILE = YES;
				INFOPLIST_FILE = FindApple/Info.plist;
				INFOPLIST_KEY_UIApplicationSupportsIndirectInputEvents = YES;
				INFOPLIST_KEY_UILaunchStoryboardName = LaunchScreen;
				INFOPLIST_KEY_UIMainStoryboardFile = Main;
				INFOPLIST_KEY_UISupportedInterfaceOrientations_iPad = "UIInterfaceOrientationPortrait UIInterfaceOrientationPortraitUpsideDown UIInterfaceOrientationLandscapeLeft UIInterfaceOrientationLandscapeRight";
				INFOPLIST_KEY_UISupportedInterfaceOrientations_iPhone = "UIInterfaceOrientationPortrait UIInterfaceOrientationLandscapeLeft UIInterfaceOrientationLandscapeRight";
				LD_RUNPATH_SEARCH_PATHS = (
					"$(inherited)",
					"@executable_path/Frameworks",
				);
				MARKETING_VERSION = 1.0;
				PRODUCT_BUNDLE_IDENTIFIER = "daunjeong0824-Practice.FindApple";
				PRODUCT_NAME = "$(TARGET_NAME)";
				SWIFT_EMIT_LOC_STRINGS = YES;
				SWIFT_VERSION = 5.0;
				TARGETED_DEVICE_FAMILY = "1,2";
			};
			name = Debug;
		};
		356DADA6283262D9008A70FA /* Release */ = {
			isa = XCBuildConfiguration;
			buildSettings = {
				ASSETCATALOG_COMPILER_APPICON_NAME = AppIcon;
				ASSETCATALOG_COMPILER_GLOBAL_ACCENT_COLOR_NAME = AccentColor;
				CODE_SIGN_STYLE = Automatic;
				CURRENT_PROJECT_VERSION = 1;
				DEVELOPMENT_TEAM = 663QYTT48P;
				GENERATE_INFOPLIST_FILE = YES;
				INFOPLIST_FILE = FindApple/Info.plist;
				INFOPLIST_KEY_UIApplicationSupportsIndirectInputEvents = YES;
				INFOPLIST_KEY_UILaunchStoryboardName = LaunchScreen;
				INFOPLIST_KEY_UIMainStoryboardFile = Main;
				INFOPLIST_KEY_UISupportedInterfaceOrientations_iPad = "UIInterfaceOrientationPortrait UIInterfaceOrientationPortraitUpsideDown UIInterfaceOrientationLandscapeLeft UIInterfaceOrientationLandscapeRight";
				INFOPLIST_KEY_UISupportedInterfaceOrientations_iPhone = "UIInterfaceOrientationPortrait UIInterfaceOrientationLandscapeLeft UIInterfaceOrientationLandscapeRight";
				LD_RUNPATH_SEARCH_PATHS = (
					"$(inherited)",
					"@executable_path/Frameworks",
				);
				MARKETING_VERSION = 1.0;
				PRODUCT_BUNDLE_IDENTIFIER = "daunjeong0824-Practice.FindApple";
				PRODUCT_NAME = "$(TARGET_NAME)";
				SWIFT_EMIT_LOC_STRINGS = YES;
				SWIFT_VERSION = 5.0;
				TARGETED_DEVICE_FAMILY = "1,2";
			};
			name = Release;
		};
/* End XCBuildConfiguration section */

/* Begin XCConfigurationList section */
		356DAD8B283262D8008A70FA /* Build configuration list for PBXProject "FindApple" */ = {
			isa = XCConfigurationList;
			buildConfigurations = (
				356DADA2283262D9008A70FA /* Debug */,
				356DADA3283262D9008A70FA /* Release */,
			);
			defaultConfigurationIsVisible = 0;
			defaultConfigurationName = Release;
		};
		356DADA4283262D9008A70FA /* Build configuration list for PBXNativeTarget "FindApple" */ = {
			isa = XCConfigurationList;
			buildConfigurations = (
				356DADA5283262D9008A70FA /* Debug */,
				356DADA6283262D9008A70FA /* Release */,
			);
			defaultConfigurationIsVisible = 0;
			defaultConfigurationName = Release;
		};
/* End XCConfigurationList section */
	};
	rootObject = 356DAD88283262D8008A70FA /* Project object */;
}
